
Microsoft Visual Studio Solution File, Format Version 12.00
# Visual Studio Version 17
VisualStudioVersion = 17.11.35222.181
MinimumVisualStudioVersion = 10.0.40219.1
Project("{FAE04EC0-301F-11D3-BF4B-00C04F79EFBC}") = "ClawMachineLab", "ClawMachineLab.csproj", "{D9B9C944-3226-43F3-90CC-225204501AE0}"
EndProject
Global
	GlobalSection(SolutionConfigurationPlatforms) = preSolution
		Debug|Any CPU = Debug|Any CPU
		Release|Any CPU = Release|Any CPU
	EndGlobalSection
	GlobalSection(ProjectConfigurationPlatforms) = postSolution
		{D9B9C944-3226-43F3-90CC-225204501AE0}.Debug|Any CPU.ActiveCfg = Debug|Any CPU
		{D9B9C944-3226-43F3-90CC-225204501AE0}.Debug|Any CPU.Build.0 = Debug|Any CPU
		{D9B9C944-3226-43F3-90CC-225204501AE0}.Release|Any CPU.ActiveCfg = Release|Any CPU
		{D9B9C944-3226-43F3-90CC-225204501AE0}.Release|Any CPU.Build.0 = Release|Any CPU
	EndGlobalSection
	GlobalSection(SolutionProperties) = preSolution
		HideSolutionNode = FALSE
	EndGlobalSection
	GlobalSection(ExtensibilityGlobals) = postSolution
		SolutionGuid = {95BD2797-4AD1-4779-84C4-9808E6154F17}
	EndGlobalSection
EndGlobal
